github.com/xyproto/eliza v0.0.0-20200121082345-81cd155371e0 h1:8ihNkOLRVRceI04704uUCEmUocLwFgor4BG7r2VkAKs=
github.com/xyproto/eliza v0.0.0-20200121082345-81cd155371e0/go.mod h1:H6b3qfwu4QeGI65Yd0UF8VV78ZOW+og5VrlD9WmSYyo=
github.com/xyproto/niall v0.0.0-20200121082931-51a5e2ab5e30 h1:Lm0dh6ry/m2dkVInWd0zVR63HuIDgVvHBl9b1TIN85Q=
github.com/xyproto/niall v0.0.0-20200121082931-51a5e2ab5e30/go.mod h1:xWqWGuM25IfAWGo60XAE1GaG+nfDPjxWtnORmE7AxuU=
