github.com/kennysong/goeliza v0.0.0-20160420092726-bdfccfe37f9c h1:s89TJyYVpfy2nojEfB1jofgigsMkocfrqEo3DEecBFA=
github.com/kennysong/goeliza v0.0.0-20160420092726-bdfccfe37f9c/go.mod h1:gxpf70sPu78g8IPauVfLCiT7sgwo3hWf+QIdqRjDbyo=
github.com/xyproto/niall v0.0.0-20191001104511-81c66ebdaf62 h1:K5D+NDEiGsBLhjUkLKXKvBmHg2dXAy+Naixp4Euu71E=
github.com/xyproto/niall v0.0.0-20191001104511-81c66ebdaf62/go.mod h1:XbTR7fHXmzhe9xQM1LpIHS+R/r7Ay/T59vlZwG99HsQ=
